{
  "name": "metadata-generator",
  "version": "1.0.0",
  "lockfileVersion": 1,
  "requires": true,
  "dependencies": {
    "@types/webmidi": {
      "version": "2.0.6",
      "resolved": "https://registry.npmjs.org/@types/webmidi/-/webmidi-2.0.6.tgz",
      "integrity": "sha512-sfS0A5IryqmBrUpcGPipEPeFdpqmZzP6b6lZFxHKgz5n2Vhzh4yJ5P2TvoDUhDjqJyv0Y25ng0Qodgo2Vu08ug=="
    },
    "jazz-midi": {
      "version": "1.7.5",
      "resolved": "https://registry.npmjs.org/jazz-midi/-/jazz-midi-1.7.5.tgz",
      "integrity": "sha512-RUxChhn388CZfSymwwgucfaBxGu4Z0eeJOSTnUMsDN2tMx5E8G+o7h2gk/xPaDTfOORnQsJk71VhSuqiw1Hy9Q=="
    },
    "jzz": {
      "version": "1.4.8",
      "resolved": "https://registry.npmjs.org/jzz/-/jzz-1.4.8.tgz",
      "integrity": "sha512-SwFAeLjCHHr0GwymvU0h0soYSv1hwN0AhsqTKD7rJeExEZG0yRktW0f1PrJRUb9Jh542sSaJHDpW58Y1QL4uPQ==",
      "requires": {
        "@types/webmidi": "^2.0.6",
        "jazz-midi": "^1.7.5"
      }
    },
    "natsort": {
      "version": "2.0.3",
      "resolved": "https://registry.npmjs.org/natsort/-/natsort-2.0.3.tgz",
      "integrity": "sha512-fuzhAiXcdNAIg2f5kqFOAABvX+uDoJvZs6DvCgioPf7FRAMHsw6G4kH7GFjSZ31yNFkNJuuOIilE8jl0JkavVQ=="
    },
    "natural-compare-lite": {
      "version": "1.4.0",
      "resolved": "https://registry.npmjs.org/natural-compare-lite/-/natural-compare-lite-1.4.0.tgz",
      "integrity": "sha1-F7CVgZiJef3a/gIB6TG6kzyWy7Q="
    },
    "web-midi-api": {
      "version": "2.1.4",
      "resolved": "https://registry.npmjs.org/web-midi-api/-/web-midi-api-2.1.4.tgz",
      "integrity": "sha512-NlVFfbPg8cW+Fr/mzjpADD68v+dwQpTfdOpYSLxLwStfhPpcPEN7ChCEP55DqoNp1U9vva+5V8qePxs1fj06NA==",
      "requires": {
        "jzz": "^1.4.8"
      }
    }
  }
}
